
Microsoft Visual Studio Solution File, Format Version 12.00
# Visual Studio Version 17
VisualStudioVersion = 17.11.35312.102
MinimumVisualStudioVersion = 10.0.40219.1
Project("{FAE04EC0-301F-11D3-BF4B-00C04F79EFBC}") = "Write&Share", "Write&Share\Write&Share.csproj", "{66F37ECD-6993-468E-BB6B-1079A79A189D}"
EndProject
Global
	GlobalSection(SolutionConfigurationPlatforms) = preSolution
		Debug|Any CPU = Debug|Any CPU
		Release|Any CPU = Release|Any CPU
	EndGlobalSection
	GlobalSection(ProjectConfigurationPlatforms) = postSolution
		{66F37ECD-6993-468E-BB6B-1079A79A189D}.Debug|Any CPU.ActiveCfg = Debug|Any CPU
		{66F37ECD-6993-468E-BB6B-1079A79A189D}.Debug|Any CPU.Build.0 = Debug|Any CPU
		{66F37ECD-6993-468E-BB6B-1079A79A189D}.Release|Any CPU.ActiveCfg = Release|Any CPU
		{66F37ECD-6993-468E-BB6B-1079A79A189D}.Release|Any CPU.Build.0 = Release|Any CPU
	EndGlobalSection
	GlobalSection(SolutionProperties) = preSolution
		HideSolutionNode = FALSE
	EndGlobalSection
	GlobalSection(ExtensibilityGlobals) = postSolution
		SolutionGuid = {C89E4EE5-8271-4E2E-99BF-7401B23452BD}
	EndGlobalSection
EndGlobal
